<?xml version="1.0" encoding="utf-8"?>
<Project ToolsVersion="17.0" xmlns="http://schemas.microsoft.com/developer/msbuild/2003">
  <ItemGroup>
    <ClCompile Include="C:\Users\tstfa\SEP4\SEP4\IoT\SEP4\main.c">
      <Filter>Source Files</Filter>
    </ClCompile>
  </ItemGroup>
  <ItemGroup>
    <CustomBuild Include="C:\Users\tstfa\SEP4\SEP4\IoT\SEP4\CMakelists.txt" />
  </ItemGroup>
  <ItemGroup>
    <Filter Include="Source Files">
      <UniqueIdentifier>{411F2937-CF66-31E4-BA3A-8BB56B890B97}</UniqueIdentifier>
    </Filter>
  </ItemGroup>
</Project>
